
Microsoft Visual Studio Solution File, Format Version 12.00
# Visual Studio Version 17
VisualStudioVersion = 17.5.33530.505
MinimumVisualStudioVersion = 10.0.40219.1
Project("{9A19103F-16F7-4668-BE54-9A1E7A4F7556}") = "LinqExample", "LinqExample\LinqExample.csproj", "{B4E226E8-6D07-4E08-8561-A10A504EEA26}"
EndProject
Project("{9A19103F-16F7-4668-BE54-9A1E7A4F7556}") = "KeyExample", "KeyExample\KeyExample.csproj", "{78687BF8-3878-497D-A7D6-7FB0F394EA6B}"
EndProject
Project("{9A19103F-16F7-4668-BE54-9A1E7A4F7556}") = "SoftDelete", "SoftDelete\SoftDelete.csproj", "{1B67E8B6-4622-43B8-B493-7E1A645C6C33}"
EndProject
Global
	GlobalSection(SolutionConfigurationPlatforms) = preSolution
		Debug|Any CPU = Debug|Any CPU
		Release|Any CPU = Release|Any CPU
	EndGlobalSection
	GlobalSection(ProjectConfigurationPlatforms) = postSolution
		{B4E226E8-6D07-4E08-8561-A10A504EEA26}.Debug|Any CPU.ActiveCfg = Debug|Any CPU
		{B4E226E8-6D07-4E08-8561-A10A504EEA26}.Debug|Any CPU.Build.0 = Debug|Any CPU
		{B4E226E8-6D07-4E08-8561-A10A504EEA26}.Release|Any CPU.ActiveCfg = Release|Any CPU
		{B4E226E8-6D07-4E08-8561-A10A504EEA26}.Release|Any CPU.Build.0 = Release|Any CPU
		{78687BF8-3878-497D-A7D6-7FB0F394EA6B}.Debug|Any CPU.ActiveCfg = Debug|Any CPU
		{78687BF8-3878-497D-A7D6-7FB0F394EA6B}.Debug|Any CPU.Build.0 = Debug|Any CPU
		{78687BF8-3878-497D-A7D6-7FB0F394EA6B}.Release|Any CPU.ActiveCfg = Release|Any CPU
		{78687BF8-3878-497D-A7D6-7FB0F394EA6B}.Release|Any CPU.Build.0 = Release|Any CPU
		{1B67E8B6-4622-43B8-B493-7E1A645C6C33}.Debug|Any CPU.ActiveCfg = Debug|Any CPU
		{1B67E8B6-4622-43B8-B493-7E1A645C6C33}.Debug|Any CPU.Build.0 = Debug|Any CPU
		{1B67E8B6-4622-43B8-B493-7E1A645C6C33}.Release|Any CPU.ActiveCfg = Release|Any CPU
		{1B67E8B6-4622-43B8-B493-7E1A645C6C33}.Release|Any CPU.Build.0 = Release|Any CPU
	EndGlobalSection
	GlobalSection(SolutionProperties) = preSolution
		HideSolutionNode = FALSE
	EndGlobalSection
	GlobalSection(ExtensibilityGlobals) = postSolution
		SolutionGuid = {61FEE88A-E729-4B18-9A0B-640B163AA883}
	EndGlobalSection
EndGlobal
